<Solution>
  <Folder Name="/src/" />
  <Folder Name="/src/Backend/">
    <Project Path="src/Backend/SafeBid.Api/SafeBid.Api.csproj" />
    <Project Path="src/Backend/SafeBid.Application/SafeBid.Application.csproj" />
    <Project Path="src/Backend/SafeBid.Domain/SafeBid.Domain.csproj" />
    <Project Path="src/Backend/SafeBid.Infrastructure/SafeBid.Infrastructure.csproj" />
  </Folder>
  <Folder Name="/src/Tests/">
    <Project Path="src/Tests/SafeBid.IntegrationTests/SafeBid.IntegrationTests.csproj" />
  </Folder>
</Solution>
